
Microsoft Visual Studio Solution File, Format Version 12.00
# Visual Studio Version 16
VisualStudioVersion = 16.0.31424.327
MinimumVisualStudioVersion = 10.0.40219.1
Project("{FAE04EC0-301F-11D3-BF4B-00C04F79EFBC}") = "COVID19.Android", "COVID19\COVID19.Android\COVID19.Android.csproj", "{ABA49AC8-7322-4A31-9250-3E1726E609AB}"
EndProject
Project("{FAE04EC0-301F-11D3-BF4B-00C04F79EFBC}") = "COVID19.iOS", "COVID19\COVID19.iOS\COVID19.iOS.csproj", "{29CED150-3624-4259-88BB-808EB498E9C9}"
EndProject
Project("{FAE04EC0-301F-11D3-BF4B-00C04F79EFBC}") = "COVID19", "COVID19\COVID19\COVID19.csproj", "{7697C945-5BF0-42A9-8383-F6FA7C75F542}"
EndProject
Global
	GlobalSection(SolutionConfigurationPlatforms) = preSolution
		Debug|Any CPU = Debug|Any CPU
		Debug|iPhone = Debug|iPhone
		Debug|iPhoneSimulator = Debug|iPhoneSimulator
		Release|Any CPU = Release|Any CPU
		Release|iPhone = Release|iPhone
		Release|iPhoneSimulator = Release|iPhoneSimulator
	EndGlobalSection
	GlobalSection(ProjectConfigurationPlatforms) = postSolution
		{ABA49AC8-7322-4A31-9250-3E1726E609AB}.Debug|Any CPU.ActiveCfg = Debug|Any CPU
		{ABA49AC8-7322-4A31-9250-3E1726E609AB}.Debug|Any CPU.Build.0 = Debug|Any CPU
		{ABA49AC8-7322-4A31-9250-3E1726E609AB}.Debug|Any CPU.Deploy.0 = Debug|Any CPU
		{ABA49AC8-7322-4A31-9250-3E1726E609AB}.Debug|iPhone.ActiveCfg = Debug|Any CPU
		{ABA49AC8-7322-4A31-9250-3E1726E609AB}.Debug|iPhone.Build.0 = Debug|Any CPU
		{ABA49AC8-7322-4A31-9250-3E1726E609AB}.Debug|iPhone.Deploy.0 = Debug|Any CPU
		{ABA49AC8-7322-4A31-9250-3E1726E609AB}.Debug|iPhoneSimulator.ActiveCfg = Debug|Any CPU
		{ABA49AC8-7322-4A31-9250-3E1726E609AB}.Debug|iPhoneSimulator.Build.0 = Debug|Any CPU
		{ABA49AC8-7322-4A31-9250-3E1726E609AB}.Debug|iPhoneSimulator.Deploy.0 = Debug|Any CPU
		{ABA49AC8-7322-4A31-9250-3E1726E609AB}.Release|Any CPU.ActiveCfg = Release|Any CPU
		{ABA49AC8-7322-4A31-9250-3E1726E609AB}.Release|Any CPU.Build.0 = Release|Any CPU
		{ABA49AC8-7322-4A31-9250-3E1726E609AB}.Release|Any CPU.Deploy.0 = Release|Any CPU
		{ABA49AC8-7322-4A31-9250-3E1726E609AB}.Release|iPhone.ActiveCfg = Release|Any CPU
		{ABA49AC8-7322-4A31-9250-3E1726E609AB}.Release|iPhone.Build.0 = Release|Any CPU
		{ABA49AC8-7322-4A31-9250-3E1726E609AB}.Release|iPhone.Deploy.0 = Release|Any CPU
		{ABA49AC8-7322-4A31-9250-3E1726E609AB}.Release|iPhoneSimulator.ActiveCfg = Release|Any CPU
		{ABA49AC8-7322-4A31-9250-3E1726E609AB}.Release|iPhoneSimulator.Build.0 = Release|Any CPU
		{ABA49AC8-7322-4A31-9250-3E1726E609AB}.Release|iPhoneSimulator.Deploy.0 = Release|Any CPU
		{29CED150-3624-4259-88BB-808EB498E9C9}.Debug|Any CPU.ActiveCfg = Debug|iPhone
		{29CED150-3624-4259-88BB-808EB498E9C9}.Debug|Any CPU.Build.0 = Debug|iPhone
		{29CED150-3624-4259-88BB-808EB498E9C9}.Debug|Any CPU.Deploy.0 = Debug|iPhone
		{29CED150-3624-4259-88BB-808EB498E9C9}.Debug|iPhone.ActiveCfg = Debug|iPhone
		{29CED150-3624-4259-88BB-808EB498E9C9}.Debug|iPhone.Build.0 = Debug|iPhone
		{29CED150-3624-4259-88BB-808EB498E9C9}.Debug|iPhone.Deploy.0 = Debug|iPhone
		{29CED150-3624-4259-88BB-808EB498E9C9}.Debug|iPhoneSimulator.ActiveCfg = Debug|iPhoneSimulator
		{29CED150-3624-4259-88BB-808EB498E9C9}.Debug|iPhoneSimulator.Build.0 = Debug|iPhoneSimulator
		{29CED150-3624-4259-88BB-808EB498E9C9}.Debug|iPhoneSimulator.Deploy.0 = Debug|iPhoneSimulator
		{29CED150-3624-4259-88BB-808EB498E9C9}.Release|Any CPU.ActiveCfg = Release|iPhoneSimulator
		{29CED150-3624-4259-88BB-808EB498E9C9}.Release|Any CPU.Build.0 = Release|iPhoneSimulator
		{29CED150-3624-4259-88BB-808EB498E9C9}.Release|Any CPU.Deploy.0 = Release|iPhoneSimulator
		{29CED150-3624-4259-88BB-808EB498E9C9}.Release|iPhone.ActiveCfg = Release|iPhone
		{29CED150-3624-4259-88BB-808EB498E9C9}.Release|iPhone.Build.0 = Release|iPhone
		{29CED150-3624-4259-88BB-808EB498E9C9}.Release|iPhone.Deploy.0 = Release|iPhone
		{29CED150-3624-4259-88BB-808EB498E9C9}.Release|iPhoneSimulator.ActiveCfg = Release|iPhoneSimulator
		{29CED150-3624-4259-88BB-808EB498E9C9}.Release|iPhoneSimulator.Build.0 = Release|iPhoneSimulator
		{29CED150-3624-4259-88BB-808EB498E9C9}.Release|iPhoneSimulator.Deploy.0 = Release|iPhoneSimulator
		{7697C945-5BF0-42A9-8383-F6FA7C75F542}.Debug|Any CPU.ActiveCfg = Debug|Any CPU
		{7697C945-5BF0-42A9-8383-F6FA7C75F542}.Debug|Any CPU.Build.0 = Debug|Any CPU
		{7697C945-5BF0-42A9-8383-F6FA7C75F542}.Debug|Any CPU.Deploy.0 = Debug|Any CPU
		{7697C945-5BF0-42A9-8383-F6FA7C75F542}.Debug|iPhone.ActiveCfg = Debug|Any CPU
		{7697C945-5BF0-42A9-8383-F6FA7C75F542}.Debug|iPhone.Build.0 = Debug|Any CPU
		{7697C945-5BF0-42A9-8383-F6FA7C75F542}.Debug|iPhone.Deploy.0 = Debug|Any CPU
		{7697C945-5BF0-42A9-8383-F6FA7C75F542}.Debug|iPhoneSimulator.ActiveCfg = Debug|Any CPU
		{7697C945-5BF0-42A9-8383-F6FA7C75F542}.Debug|iPhoneSimulator.Build.0 = Debug|Any CPU
		{7697C945-5BF0-42A9-8383-F6FA7C75F542}.Debug|iPhoneSimulator.Deploy.0 = Debug|Any CPU
		{7697C945-5BF0-42A9-8383-F6FA7C75F542}.Release|Any CPU.ActiveCfg = Release|Any CPU
		{7697C945-5BF0-42A9-8383-F6FA7C75F542}.Release|Any CPU.Build.0 = Release|Any CPU
		{7697C945-5BF0-42A9-8383-F6FA7C75F542}.Release|Any CPU.Deploy.0 = Release|Any CPU
		{7697C945-5BF0-42A9-8383-F6FA7C75F542}.Release|iPhone.ActiveCfg = Release|Any CPU
		{7697C945-5BF0-42A9-8383-F6FA7C75F542}.Release|iPhone.Build.0 = Release|Any CPU
		{7697C945-5BF0-42A9-8383-F6FA7C75F542}.Release|iPhone.Deploy.0 = Release|Any CPU
		{7697C945-5BF0-42A9-8383-F6FA7C75F542}.Release|iPhoneSimulator.ActiveCfg = Release|Any CPU
		{7697C945-5BF0-42A9-8383-F6FA7C75F542}.Release|iPhoneSimulator.Build.0 = Release|Any CPU
		{7697C945-5BF0-42A9-8383-F6FA7C75F542}.Release|iPhoneSimulator.Deploy.0 = Release|Any CPU
	EndGlobalSection
	GlobalSection(SolutionProperties) = preSolution
		HideSolutionNode = FALSE
	EndGlobalSection
	GlobalSection(ExtensibilityGlobals) = postSolution
		SolutionGuid = {64CA5A0F-521C-4A2B-926F-C47F20A9EF26}
	EndGlobalSection
EndGlobal
